
Microsoft Visual Studio Solution File, Format Version 12.00
# Visual Studio Version 17
VisualStudioVersion = 17.6.33801.468
MinimumVisualStudioVersion = 10.0.40219.1
Project("{FAE04EC0-301F-11D3-BF4B-00C04F79EFBC}") = "DF6", "DF6\DF6.csproj", "{AD8EF02E-140F-4156-9D1F-FAE63A302BF9}"
EndProject
Global
	GlobalSection(SolutionConfigurationPlatforms) = preSolution
		Debug|Any CPU = Debug|Any CPU
		Release|Any CPU = Release|Any CPU
	EndGlobalSection
	GlobalSection(ProjectConfigurationPlatforms) = postSolution
		{AD8EF02E-140F-4156-9D1F-FAE63A302BF9}.Debug|Any CPU.ActiveCfg = Debug|Any CPU
		{AD8EF02E-140F-4156-9D1F-FAE63A302BF9}.Debug|Any CPU.Build.0 = Debug|Any CPU
		{AD8EF02E-140F-4156-9D1F-FAE63A302BF9}.Release|Any CPU.ActiveCfg = Release|Any CPU
		{AD8EF02E-140F-4156-9D1F-FAE63A302BF9}.Release|Any CPU.Build.0 = Release|Any CPU
	EndGlobalSection
	GlobalSection(SolutionProperties) = preSolution
		HideSolutionNode = FALSE
	EndGlobalSection
	GlobalSection(ExtensibilityGlobals) = postSolution
		SolutionGuid = {904836C1-DC43-4188-99C0-FAB9D11CC5DE}
	EndGlobalSection
EndGlobal
